// !$*UTF8*$!
{
	archiveVersion = 1;
	classes = {
	};
	objectVersion = 46;
	objects = {

/* Begin PBXBuildFile section */
		790CFC8B1E11676D00E9BBFA /* AppDelegate.swift in Sources */ = {isa = PBXBuildFile; fileRef = 790CFC8A1E11676D00E9BBFA /* AppDelegate.swift */; };
		790CFC8D1E11676D00E9BBFA /* ViewController.swift in Sources */ = {isa = PBXBuildFile; fileRef = 790CFC8C1E11676D00E9BBFA /* ViewController.swift */; };
		790CFC901E11676D00E9BBFA /* Main.storyboard in Resources */ = {isa = PBXBuildFile; fileRef = 790CFC8E1E11676D00E9BBFA /* Main.storyboard */; };
		790CFC921E11676D00E9BBFA /* Assets.xcassets in Resources */ = {isa = PBXBuildFile; fileRef = 790CFC911E11676D00E9BBFA /* Assets.xcassets */; };
		790CFC951E11676D00E9BBFA /* LaunchScreen.storyboard in Resources */ = {isa = PBXBuildFile; fileRef = 790CFC931E11676D00E9BBFA /* LaunchScreen.storyboard */; };
		790CFCA11E1168A400E9BBFA /* wall.jpg in Resources */ = {isa = PBXBuildFile; fileRef = 790CFCA01E1168A400E9BBFA /* wall.jpg */; };
		790CFCA41E116CC700E9BBFA /* CoreLocation.framework in Frameworks */ = {isa = PBXBuildFile; fileRef = 790CFCA31E116CC700E9BBFA /* CoreLocation.framework */; };
/* End PBXBuildFile section */

/* Begin PBXFileReference section */
		790CFC871E11676D00E9BBFA /* User Location (App).app */ = {isa = PBXFileReference; explicitFileType = wrapper.application; includeInIndex = 0; path = "User Location (App).app"; sourceTree = BUILT_PRODUCTS_DIR; };
		790CFC8A1E11676D00E9BBFA /* AppDelegate.swift */ = {isa = PBXFileReference; lastKnownFileType = sourcecode.swift; path = AppDelegate.swift; sourceTree = "<group>"; };
		790CFC8C1E11676D00E9BBFA /* ViewController.swift */ = {isa = PBXFileReference; lastKnownFileType = sourcecode.swift; path = ViewController.swift; sourceTree = "<group>"; };
		790CFC8F1E11676D00E9BBFA /* Base */ = {isa = PBXFileReference; lastKnownFileType = file.storyboard; name = Base; path = Base.lproj/Main.storyboard; sourceTree = "<group>"; };
		790CFC911E11676D00E9BBFA /* Assets.xcassets */ = {isa = PBXFileReference; lastKnownFileType = folder.assetcatalog; path = Assets.xcassets; sourceTree = "<group>"; };
		790CFC941E11676D00E9BBFA /* Base */ = {isa = PBXFileReference; lastKnownFileType = file.storyboard; name = Base; path = Base.lproj/LaunchScreen.storyboard; sourceTree = "<group>"; };
		790CFC961E11676D00E9BBFA /* Info.plist */ = {isa = PBXFileReference; lastKnownFileType = text.plist.xml; path = Info.plist; sourceTree = "<group>"; };
		790CFCA01E1168A400E9BBFA /* wall.jpg */ = {isa = PBXFileReference; lastKnownFileType = image.jpeg; path = wall.jpg; sourceTree = "<group>"; };
		790CFCA31E116CC700E9BBFA /* CoreLocation.framework */ = {isa = PBXFileReference; lastKnownFileType = wrapper.framework; name = CoreLocation.framework; path = System/Library/Frameworks/CoreLocation.framework; sourceTree = SDKROOT; };
/* End PBXFileReference section */

/* Begin PBXFrameworksBuildPhase section */
		790CFC841E11676D00E9BBFA /* Frameworks */ = {
			isa = PBXFrameworksBuildPhase;
			buildActionMask = 2147483647;
			files = (
				790CFCA41E116CC700E9BBFA /* CoreLocation.framework in Frameworks */,
			);
			runOnlyForDeploymentPostprocessing = 0;
		};
/* End PBXFrameworksBuildPhase section */

/* Begin PBXGroup section */
		790CFC7E1E11676D00E9BBFA = {
			isa = PBXGroup;
			children = (
				790CFC891E11676D00E9BBFA /* User Location (App) */,
				790CFC881E11676D00E9BBFA /* Products */,
				790CFCA21E116CC700E9BBFA /* Frameworks */,
			);
			sourceTree = "<group>";
		};
		790CFC881E11676D00E9BBFA /* Products */ = {
			isa = PBXGroup;
			children = (
				790CFC871E11676D00E9BBFA /* User Location (App).app */,
			);
			name = Products;
			sourceTree = "<group>";
		};
		790CFC891E11676D00E9BBFA /* User Location (App) */ = {
			isa = PBXGroup;
			children = (
				790CFC8A1E11676D00E9BBFA /* AppDelegate.swift */,
				790CFC8C1E11676D00E9BBFA /* ViewController.swift */,
				790CFC8E1E11676D00E9BBFA /* Main.storyboard */,
				790CFCA01E1168A400E9BBFA /* wall.jpg */,
				790CFC911E11676D00E9BBFA /* Assets.xcassets */,
				790CFC931E11676D00E9BBFA /* LaunchScreen.storyboard */,
				790CFC961E11676D00E9BBFA /* Info.plist */,
			);
			path = "User Location (App)";
			sourceTree = "<group>";
		};
		790CFCA21E116CC700E9BBFA /* Frameworks */ = {
			isa = PBXGroup;
			children = (
				790CFCA31E116CC700E9BBFA /* CoreLocation.framework */,
			);
			name = Frameworks;
			sourceTree = "<group>";
		};
/* End PBXGroup section */

/* Begin PBXNativeTarget section */
		790CFC861E11676D00E9BBFA /* User Location (App) */ = {
			isa = PBXNativeTarget;
			buildConfigurationList = 790CFC991E11676D00E9BBFA /* Build configuration list for PBXNativeTarget "User Location (App)" */;
			buildPhases = (
				790CFC831E11676D00E9BBFA /* Sources */,
				790CFC841E11676D00E9BBFA /* Frameworks */,
				790CFC851E11676D00E9BBFA /* Resources */,
			);
			buildRules = (
			);
			dependencies = (
			);
			name = "User Location (App)";
			productName = "User Location (App)";
			productReference = 790CFC871E11676D00E9BBFA /* User Location (App).app */;
			productType = "com.apple.product-type.application";
		};
/* End PBXNativeTarget section */

/* Begin PBXProject section */
		790CFC7F1E11676D00E9BBFA /* Project object */ = {
			isa = PBXProject;
			attributes = {
				LastSwiftUpdateCheck = 0820;
				LastUpgradeCheck = 0820;
				ORGANIZATIONNAME = Lion;
				TargetAttributes = {
					790CFC861E11676D00E9BBFA = {
						CreatedOnToolsVersion = 8.2.1;
						DevelopmentTeam = 8M22RP3VPG;
						ProvisioningStyle = Automatic;
					};
				};
			};
			buildConfigurationList = 790CFC821E11676D00E9BBFA /* Build configuration list for PBXProject "User Location (App)" */;
			compatibilityVersion = "Xcode 3.2";
			developmentRegion = English;
			hasScannedForEncodings = 0;
			knownRegions = (
				en,
				Base,
			);
			mainGroup = 790CFC7E1E11676D00E9BBFA;
			productRefGroup = 790CFC881E11676D00E9BBFA /* Products */;
			projectDirPath = "";
			projectRoot = "";
			targets = (
				790CFC861E11676D00E9BBFA /* User Location (App) */,
			);
		};
/* End PBXProject section */

/* Begin PBXResourcesBuildPhase section */
		790CFC851E11676D00E9BBFA /* Resources */ = {
			isa = PBXResourcesBuildPhase;
			buildActionMask = 2147483647;
			files = (
				790CFC951E11676D00E9BBFA /* LaunchScreen.storyboard in Resources */,
				790CFC921E11676D00E9BBFA /* Assets.xcassets in Resources */,
				790CFC901E11676D00E9BBFA /* Main.storyboard in Resources */,
				790CFCA11E1168A400E9BBFA /* wall.jpg in Resources */,
			);
			runOnlyForDeploymentPostprocessing = 0;
		};
/* End PBXResourcesBuildPhase section */

/* Begin PBXSourcesBuildPhase section */
		790CFC831E11676D00E9BBFA /* Sources */ = {
			isa = PBXSourcesBuildPhase;
			buildActionMask = 2147483647;
			files = (
				790CFC8D1E11676D00E9BBFA /* ViewController.swift in Sources */,
				790CFC8B1E11676D00E9BBFA /* AppDelegate.swift in Sources */,
			);
			runOnlyForDeploymentPostprocessing = 0;
		};
/* End PBXSourcesBuildPhase section */

/* Begin PBXVariantGroup section */
		790CFC8E1E11676D00E9BBFA /* Main.storyboard */ = {
			isa = PBXVariantGroup;
			children = (
				790CFC8F1E11676D00E9BBFA /* Base */,
			);
			name = Main.storyboard;
			sourceTree = "<group>";
		};
		790CFC931E11676D00E9BBFA /* LaunchScreen.storyboard */ = {
			isa = PBXVariantGroup;
			children = (
				790CFC941E11676D00E9BBFA /* Base */,
			);
			name = LaunchScreen.storyboard;
			sourceTree = "<group>";
		};
/* End PBXVariantGroup section */

/* Begin XCBuildConfiguration section */
		790CFC971E11676D00E9BBFA /* Debug */ = {
			isa = XCBuildConfiguration;
			buildSettings = {
				ALWAYS_SEARCH_USER_PATHS = NO;
				CLANG_ANALYZER_NONNULL = YES;
				CLANG_CXX_LANGUAGE_STANDARD = "gnu++0x";
				CLANG_CXX_LIBRARY = "libc++";
				CLANG_ENABLE_MODULES = YES;
				CLANG_ENABLE_OBJC_ARC = YES;
				CLANG_WARN_BOOL_CONVERSION = YES;
				CLANG_WARN_CONSTANT_CONVERSION = YES;
				CLANG_WARN_DIRECT_OBJC_ISA_USAGE = YES_ERROR;
				CLANG_WARN_DOCUMENTATION_COMMENTS = YES;
				CLANG_WARN_EMPTY_BODY = YES;
				CLANG_WARN_ENUM_CONVERSION = YES;
				CLANG_WARN_INFINITE_RECURSION = YES;
				CLANG_WARN_INT_CONVERSION = YES;
				CLANG_WARN_OBJC_ROOT_CLASS = YES_ERROR;
				CLANG_WARN_SUSPICIOUS_MOVE = YES;
				CLANG_WARN_UNREACHABLE_CODE = YES;
				CLANG_WARN__DUPLICATE_METHOD_MATCH = YES;
				"CODE_SIGN_IDENTITY[sdk=iphoneos*]" = "iPhone Developer";
				COPY_PHASE_STRIP = NO;
				DEBUG_INFORMATION_FORMAT = dwarf;
				ENABLE_STRICT_OBJC_MSGSEND = YES;
				ENABLE_TESTABILITY = YES;
				GCC_C_LANGUAGE_STANDARD = gnu99;
				GCC_DYNAMIC_NO_PIC = NO;
				GCC_NO_COMMON_BLOCKS = YES;
				GCC_OPTIMIZATION_LEVEL = 0;
				GCC_PREPROCESSOR_DEFINITIONS = (
					"DEBUG=1",
					"$(inherited)",
				);
				GCC_WARN_64_TO_32_BIT_CONVERSION = YES;
				GCC_WARN_ABOUT_RETURN_TYPE = YES_ERROR;
				GCC_WARN_UNDECLARED_SELECTOR = YES;
				GCC_WARN_UNINITIALIZED_AUTOS = YES_AGGRESSIVE;
				GCC_WARN_UNUSED_FUNCTION = YES;
				GCC_WARN_UNUSED_VARIABLE = YES;
				IPHONEOS_DEPLOYMENT_TARGET = 10.2;
				MTL_ENABLE_DEBUG_INFO = YES;
				ONLY_ACTIVE_ARCH = YES;
				SDKROOT = iphoneos;
				SWIFT_ACTIVE_COMPILATION_CONDITIONS = DEBUG;
				SWIFT_OPTIMIZATION_LEVEL = "-Onone";
			};
			name = Debug;
		};
		790CFC981E11676D00E9BBFA /* Release */ = {
			isa = XCBuildConfiguration;
			buildSettings = {
				ALWAYS_SEARCH_USER_PATHS = NO;
				CLANG_ANALYZER_NONNULL = YES;
				CLANG_CXX_LANGUAGE_STANDARD = "gnu++0x";
				CLANG_CXX_LIBRARY = "libc++";
				CLANG_ENABLE_MODULES = YES;
				CLANG_ENABLE_OBJC_ARC = YES;
				CLANG_WARN_BOOL_CONVERSION = YES;
				CLANG_WARN_CONSTANT_CONVERSION = YES;
				CLANG_WARN_DIRECT_OBJC_ISA_USAGE = YES_ERROR;
				CLANG_WARN_DOCUMENTATION_COMMENTS = YES;
				CLANG_WARN_EMPTY_BODY = YES;
				CLANG_WARN_ENUM_CONVERSION = YES;
				CLANG_WARN_INFINITE_RECURSION = YES;
				CLANG_WARN_INT_CONVERSION = YES;
				CLANG_WARN_OBJC_ROOT_CLASS = YES_ERROR;
				CLANG_WARN_SUSPICIOUS_MOVE = YES;
				CLANG_WARN_UNREACHABLE_CODE = YES;
				CLANG_WARN__DUPLICATE_METHOD_MATCH = YES;
				"CODE_SIGN_IDENTITY[sdk=iphoneos*]" = "iPhone Developer";
				COPY_PHASE_STRIP = NO;
				DEBUG_INFORMATION_FORMAT = "dwarf-with-dsym";
				ENABLE_NS_ASSERTIONS = NO;
				ENABLE_STRICT_OBJC_MSGSEND = YES;
				GCC_C_LANGUAGE_STANDARD = gnu99;
				GCC_NO_COMMON_BLOCKS = YES;
				GCC_WARN_64_TO_32_BIT_CONVERSION = YES;
				GCC_WARN_ABOUT_RETURN_TYPE = YES_ERROR;
				GCC_WARN_UNDECLARED_SELECTOR = YES;
				GCC_WARN_UNINITIALIZED_AUTOS = YES_AGGRESSIVE;
				GCC_WARN_UNUSED_FUNCTION = YES;
				GCC_WARN_UNUSED_VARIABLE = YES;
				IPHONEOS_DEPLOYMENT_TARGET = 10.2;
				MTL_ENABLE_DEBUG_INFO = NO;
				SDKROOT = iphoneos;
				SWIFT_OPTIMIZATION_LEVEL = "-Owholemodule";
				VALIDATE_PRODUCT = YES;
			};
			name = Release;
		};
		790CFC9A1E11676D00E9BBFA /* Debug */ = {
			isa = XCBuildConfiguration;
			buildSettings = {
				ASSETCATALOG_COMPILER_APPICON_NAME = AppIcon;
				DEVELOPMENT_TEAM = 8M22RP3VPG;
				INFOPLIST_FILE = "User Location (App)/Info.plist";
				LD_RUNPATH_SEARCH_PATHS = "$(inherited) @executable_path/Frameworks";
				PRODUCT_BUNDLE_IDENTIFIER = "com.lion.User-Location--App-";
				PRODUCT_NAME = "$(TARGET_NAME)";
				SWIFT_VERSION = 3.0;
			};
			name = Debug;
		};
		790CFC9B1E11676D00E9BBFA /* Release */ = {
			isa = XCBuildConfiguration;
			buildSettings = {
				ASSETCATALOG_COMPILER_APPICON_NAME = AppIcon;
				DEVELOPMENT_TEAM = 8M22RP3VPG;
				INFOPLIST_FILE = "User Location (App)/Info.plist";
				LD_RUNPATH_SEARCH_PATHS = "$(inherited) @executable_path/Frameworks";
				PRODUCT_BUNDLE_IDENTIFIER = "com.lion.User-Location--App-";
				PRODUCT_NAME = "$(TARGET_NAME)";
				SWIFT_VERSION = 3.0;
			};
			name = Release;
		};
/* End XCBuildConfiguration section */

/* Begin XCConfigurationList section */
		790CFC821E11676D00E9BBFA /* Build configuration list for PBXProject "User Location (App)" */ = {
			isa = XCConfigurationList;
			buildConfigurations = (
				790CFC971E11676D00E9BBFA /* Debug */,
				790CFC981E11676D00E9BBFA /* Release */,
			);
			defaultConfigurationIsVisible = 0;
			defaultConfigurationName = Release;
		};
		790CFC991E11676D00E9BBFA /* Build configuration list for PBXNativeTarget "User Location (App)" */ = {
			isa = XCConfigurationList;
			buildConfigurations = (
				790CFC9A1E11676D00E9BBFA /* Debug */,
				790CFC9B1E11676D00E9BBFA /* Release */,
			);
			defaultConfigurationIsVisible = 0;
			defaultConfigurationName = Release;
		};
/* End XCConfigurationList section */
	};
	rootObject = 790CFC7F1E11676D00E9BBFA /* Project object */;
}
